{
  "requires": true,
  "lockfileVersion": 1,
  "dependencies": {
    "node-watch": {
      "version": "0.6.1",
      "resolved": "https://registry.npmjs.org/node-watch/-/node-watch-0.6.1.tgz",
      "integrity": "sha512-gwQiR7weFRV8mAtT0x0kXkZ18dfRLB45xH7q0hCOVQMLfLb2f1ZaSvR57q4/b/Vj6B0RwMNJYbvb69e1yM7qEA=="
    }
  }
}
